{
  "name": "@small-tech/eff-diceware-passphrase",
  "version": "1.0.0",
  "lockfileVersion": 1,
  "requires": true,
  "dependencies": {
    "esbuild": {
      "version": "0.8.52",
      "resolved": "https://registry.npmjs.org/esbuild/-/esbuild-0.8.52.tgz",
      "integrity": "sha512-b5KzFweLLXoXQwdC/e2+Z80c8uo2M5MgP7yQEEebkFw6In4T9CvYcNoM2ElvJt8ByO04zAZUV0fZkXmXoi2s9A==",
      "dev": true
    }
  }
}
